// !$*UTF8*$!
{
	archiveVersion = 1;
	classes = {
	};
	objectVersion = 55;
	objects = {

/* Begin PBXBuildFile section */
		D3AC351927F4823800CE3D43 /* imageDownloaderClient.swift in Sources */ = {isa = PBXBuildFile; fileRef = D3AC351827F4823800CE3D43 /* imageDownloaderClient.swift */; };
		D3AC351C27F4843000CE3D43 /* OzelImage.swift in Sources */ = {isa = PBXBuildFile; fileRef = D3AC351B27F4843000CE3D43 /* OzelImage.swift */; };
		D3AC351F27F4958D00CE3D43 /* FilmDetay.swift in Sources */ = {isa = PBXBuildFile; fileRef = D3AC351E27F4958D00CE3D43 /* FilmDetay.swift */; };
		D3EEA66E27FA3D78002816D0 /* FilmDetayViewModel.swift in Sources */ = {isa = PBXBuildFile; fileRef = D3EEA66D27FA3D78002816D0 /* FilmDetayViewModel.swift */; };
		D3EEA67027FA3F40002816D0 /* DetayView.swift in Sources */ = {isa = PBXBuildFile; fileRef = D3EEA66F27FA3F40002816D0 /* DetayView.swift */; };
		D3F4801727F3A18A005908C2 /* filmKitabiApp.swift in Sources */ = {isa = PBXBuildFile; fileRef = D3F4801627F3A18A005908C2 /* filmKitabiApp.swift */; };
		D3F4801927F3A18A005908C2 /* FilmListeView.swift in Sources */ = {isa = PBXBuildFile; fileRef = D3F4801827F3A18A005908C2 /* FilmListeView.swift */; };
		D3F4801B27F3A18B005908C2 /* Assets.xcassets in Resources */ = {isa = PBXBuildFile; fileRef = D3F4801A27F3A18B005908C2 /* Assets.xcassets */; };
		D3F4801E27F3A18B005908C2 /* Preview Assets.xcassets in Resources */ = {isa = PBXBuildFile; fileRef = D3F4801D27F3A18B005908C2 /* Preview Assets.xcassets */; };
		D3F4802827F3A18B005908C2 /* filmKitabiTests.swift in Sources */ = {isa = PBXBuildFile; fileRef = D3F4802727F3A18B005908C2 /* filmKitabiTests.swift */; };
		D3F4803227F3A18B005908C2 /* filmKitabiUITests.swift in Sources */ = {isa = PBXBuildFile; fileRef = D3F4803127F3A18B005908C2 /* filmKitabiUITests.swift */; };
		D3F4803427F3A18B005908C2 /* filmKitabiUITestsLaunchTests.swift in Sources */ = {isa = PBXBuildFile; fileRef = D3F4803327F3A18B005908C2 /* filmKitabiUITestsLaunchTests.swift */; };
		D3F4804527F3A597005908C2 /* Film.swift in Sources */ = {isa = PBXBuildFile; fileRef = D3F4804427F3A597005908C2 /* Film.swift */; };
		D3F4804827F3A838005908C2 /* DownloaderClient.swift in Sources */ = {isa = PBXBuildFile; fileRef = D3F4804727F3A838005908C2 /* DownloaderClient.swift */; };
		D3F4804A27F3AE8A005908C2 /* FilmViewModel.swift in Sources */ = {isa = PBXBuildFile; fileRef = D3F4804927F3AE8A005908C2 /* FilmViewModel.swift */; };
/* End PBXBuildFile section */

/* Begin PBXContainerItemProxy section */
		D3F4802427F3A18B005908C2 /* PBXContainerItemProxy */ = {
			isa = PBXContainerItemProxy;
			containerPortal = D3F4800B27F3A18A005908C2 /* Project object */;
			proxyType = 1;
			remoteGlobalIDString = D3F4801227F3A18A005908C2;
			remoteInfo = filmKitabi;
		};
		D3F4802E27F3A18B005908C2 /* PBXContainerItemProxy */ = {
			isa = PBXContainerItemProxy;
			containerPortal = D3F4800B27F3A18A005908C2 /* Project object */;
			proxyType = 1;
			remoteGlobalIDString = D3F4801227F3A18A005908C2;
			remoteInfo = filmKitabi;
		};
/* End PBXContainerItemProxy section */

/* Begin PBXFileReference section */
		D3AC351827F4823800CE3D43 /* imageDownloaderClient.swift */ = {isa = PBXFileReference; lastKnownFileType = sourcecode.swift; path = imageDownloaderClient.swift; sourceTree = "<group>"; };
		D3AC351B27F4843000CE3D43 /* OzelImage.swift */ = {isa = PBXFileReference; lastKnownFileType = sourcecode.swift; path = OzelImage.swift; sourceTree = "<group>"; };
		D3AC351E27F4958D00CE3D43 /* FilmDetay.swift */ = {isa = PBXFileReference; lastKnownFileType = sourcecode.swift; path = FilmDetay.swift; sourceTree = "<group>"; };
		D3EEA66D27FA3D78002816D0 /* FilmDetayViewModel.swift */ = {isa = PBXFileReference; lastKnownFileType = sourcecode.swift; path = FilmDetayViewModel.swift; sourceTree = "<group>"; };
		D3EEA66F27FA3F40002816D0 /* DetayView.swift */ = {isa = PBXFileReference; lastKnownFileType = sourcecode.swift; path = DetayView.swift; sourceTree = "<group>"; };
		D3F4801327F3A18A005908C2 /* filmKitabi.app */ = {isa = PBXFileReference; explicitFileType = wrapper.application; includeInIndex = 0; path = filmKitabi.app; sourceTree = BUILT_PRODUCTS_DIR; };
		D3F4801627F3A18A005908C2 /* filmKitabiApp.swift */ = {isa = PBXFileReference; lastKnownFileType = sourcecode.swift; path = filmKitabiApp.swift; sourceTree = "<group>"; };
		D3F4801827F3A18A005908C2 /* FilmListeView.swift */ = {isa = PBXFileReference; lastKnownFileType = sourcecode.swift; path = FilmListeView.swift; sourceTree = "<group>"; };
		D3F4801A27F3A18B005908C2 /* Assets.xcassets */ = {isa = PBXFileReference; lastKnownFileType = folder.assetcatalog; path = Assets.xcassets; sourceTree = "<group>"; };
		D3F4801D27F3A18B005908C2 /* Preview Assets.xcassets */ = {isa = PBXFileReference; lastKnownFileType = folder.assetcatalog; path = "Preview Assets.xcassets"; sourceTree = "<group>"; };
		D3F4802327F3A18B005908C2 /* filmKitabiTests.xctest */ = {isa = PBXFileReference; explicitFileType = wrapper.cfbundle; includeInIndex = 0; path = filmKitabiTests.xctest; sourceTree = BUILT_PRODUCTS_DIR; };
		D3F4802727F3A18B005908C2 /* filmKitabiTests.swift */ = {isa = PBXFileReference; lastKnownFileType = sourcecode.swift; path = filmKitabiTests.swift; sourceTree = "<group>"; };
		D3F4802D27F3A18B005908C2 /* filmKitabiUITests.xctest */ = {isa = PBXFileReference; explicitFileType = wrapper.cfbundle; includeInIndex = 0; path = filmKitabiUITests.xctest; sourceTree = BUILT_PRODUCTS_DIR; };
		D3F4803127F3A18B005908C2 /* filmKitabiUITests.swift */ = {isa = PBXFileReference; lastKnownFileType = sourcecode.swift; path = filmKitabiUITests.swift; sourceTree = "<group>"; };
		D3F4803327F3A18B005908C2 /* filmKitabiUITestsLaunchTests.swift */ = {isa = PBXFileReference; lastKnownFileType = sourcecode.swift; path = filmKitabiUITestsLaunchTests.swift; sourceTree = "<group>"; };
		D3F4804427F3A597005908C2 /* Film.swift */ = {isa = PBXFileReference; lastKnownFileType = sourcecode.swift; path = Film.swift; sourceTree = "<group>"; };
		D3F4804727F3A838005908C2 /* DownloaderClient.swift */ = {isa = PBXFileReference; lastKnownFileType = sourcecode.swift; path = DownloaderClient.swift; sourceTree = "<group>"; };
		D3F4804927F3AE8A005908C2 /* FilmViewModel.swift */ = {isa = PBXFileReference; lastKnownFileType = sourcecode.swift; path = FilmViewModel.swift; sourceTree = "<group>"; };
		D3F4804B27F3B6BE005908C2 /* Info.plist */ = {isa = PBXFileReference; lastKnownFileType = text.plist; path = Info.plist; sourceTree = "<group>"; };
/* End PBXFileReference section */

/* Begin PBXFrameworksBuildPhase section */
		D3F4801027F3A18A005908C2 /* Frameworks */ = {
			isa = PBXFrameworksBuildPhase;
			buildActionMask = 2147483647;
			files = (
			);
			runOnlyForDeploymentPostprocessing = 0;
		};
		D3F4802027F3A18B005908C2 /* Frameworks */ = {
			isa = PBXFrameworksBuildPhase;
			buildActionMask = 2147483647;
			files = (
			);
			runOnlyForDeploymentPostprocessing = 0;
		};
		D3F4802A27F3A18B005908C2 /* Frameworks */ = {
			isa = PBXFrameworksBuildPhase;
			buildActionMask = 2147483647;
			files = (
			);
			runOnlyForDeploymentPostprocessing = 0;
		};
/* End PBXFrameworksBuildPhase section */

/* Begin PBXGroup section */
		D3F4800A27F3A18A005908C2 = {
			isa = PBXGroup;
			children = (
				D3F4801527F3A18A005908C2 /* filmKitabi */,
				D3F4802627F3A18B005908C2 /* filmKitabiTests */,
				D3F4803027F3A18B005908C2 /* filmKitabiUITests */,
				D3F4801427F3A18A005908C2 /* Products */,
			);
			sourceTree = "<group>";
		};
		D3F4801427F3A18A005908C2 /* Products */ = {
			isa = PBXGroup;
			children = (
				D3F4801327F3A18A005908C2 /* filmKitabi.app */,
				D3F4802327F3A18B005908C2 /* filmKitabiTests.xctest */,
				D3F4802D27F3A18B005908C2 /* filmKitabiUITests.xctest */,
			);
			name = Products;
			sourceTree = "<group>";
		};
		D3F4801527F3A18A005908C2 /* filmKitabi */ = {
			isa = PBXGroup;
			children = (
				D3F4804B27F3B6BE005908C2 /* Info.plist */,
				D3F4804627F3A7D5005908C2 /* Service */,
				D3F4804327F3A56A005908C2 /* App */,
				D3F4804227F3A55D005908C2 /* View */,
				D3F4804127F3A555005908C2 /* ViewModel */,
				D3F4804027F3A531005908C2 /* Model */,
				D3F4801A27F3A18B005908C2 /* Assets.xcassets */,
				D3F4801C27F3A18B005908C2 /* Preview Content */,
			);
			path = filmKitabi;
			sourceTree = "<group>";
		};
		D3F4801C27F3A18B005908C2 /* Preview Content */ = {
			isa = PBXGroup;
			children = (
				D3F4801D27F3A18B005908C2 /* Preview Assets.xcassets */,
			);
			path = "Preview Content";
			sourceTree = "<group>";
		};
		D3F4802627F3A18B005908C2 /* filmKitabiTests */ = {
			isa = PBXGroup;
			children = (
				D3F4802727F3A18B005908C2 /* filmKitabiTests.swift */,
			);
			path = filmKitabiTests;
			sourceTree = "<group>";
		};
		D3F4803027F3A18B005908C2 /* filmKitabiUITests */ = {
			isa = PBXGroup;
			children = (
				D3F4803127F3A18B005908C2 /* filmKitabiUITests.swift */,
				D3F4803327F3A18B005908C2 /* filmKitabiUITestsLaunchTests.swift */,
			);
			path = filmKitabiUITests;
			sourceTree = "<group>";
		};
		D3F4804027F3A531005908C2 /* Model */ = {
			isa = PBXGroup;
			children = (
				D3F4804427F3A597005908C2 /* Film.swift */,
				D3AC351E27F4958D00CE3D43 /* FilmDetay.swift */,
			);
			path = Model;
			sourceTree = "<group>";
		};
		D3F4804127F3A555005908C2 /* ViewModel */ = {
			isa = PBXGroup;
			children = (
				D3F4804927F3AE8A005908C2 /* FilmViewModel.swift */,
				D3EEA66D27FA3D78002816D0 /* FilmDetayViewModel.swift */,
			);
			path = ViewModel;
			sourceTree = "<group>";
		};
		D3F4804227F3A55D005908C2 /* View */ = {
			isa = PBXGroup;
			children = (
				D3F4801827F3A18A005908C2 /* FilmListeView.swift */,
				D3AC351B27F4843000CE3D43 /* OzelImage.swift */,
				D3EEA66F27FA3F40002816D0 /* DetayView.swift */,
			);
			path = View;
			sourceTree = "<group>";
		};
		D3F4804327F3A56A005908C2 /* App */ = {
			isa = PBXGroup;
			children = (
				D3F4801627F3A18A005908C2 /* filmKitabiApp.swift */,
			);
			path = App;
			sourceTree = "<group>";
		};
		D3F4804627F3A7D5005908C2 /* Service */ = {
			isa = PBXGroup;
			children = (
				D3F4804727F3A838005908C2 /* DownloaderClient.swift */,
				D3AC351827F4823800CE3D43 /* imageDownloaderClient.swift */,
			);
			path = Service;
			sourceTree = "<group>";
		};
/* End PBXGroup section */

/* Begin PBXNativeTarget section */
		D3F4801227F3A18A005908C2 /* filmKitabi */ = {
			isa = PBXNativeTarget;
			buildConfigurationList = D3F4803727F3A18B005908C2 /* Build configuration list for PBXNativeTarget "filmKitabi" */;
			buildPhases = (
				D3F4800F27F3A18A005908C2 /* Sources */,
				D3F4801027F3A18A005908C2 /* Frameworks */,
				D3F4801127F3A18A005908C2 /* Resources */,
			);
			buildRules = (
			);
			dependencies = (
			);
			name = filmKitabi;
			productName = filmKitabi;
			productReference = D3F4801327F3A18A005908C2 /* filmKitabi.app */;
			productType = "com.apple.product-type.application";
		};
		D3F4802227F3A18B005908C2 /* filmKitabiTests */ = {
			isa = PBXNativeTarget;
			buildConfigurationList = D3F4803A27F3A18B005908C2 /* Build configuration list for PBXNativeTarget "filmKitabiTests" */;
			buildPhases = (
				D3F4801F27F3A18B005908C2 /* Sources */,
				D3F4802027F3A18B005908C2 /* Frameworks */,
				D3F4802127F3A18B005908C2 /* Resources */,
			);
			buildRules = (
			);
			dependencies = (
				D3F4802527F3A18B005908C2 /* PBXTargetDependency */,
			);
			name = filmKitabiTests;
			productName = filmKitabiTests;
			productReference = D3F4802327F3A18B005908C2 /* filmKitabiTests.xctest */;
			productType = "com.apple.product-type.bundle.unit-test";
		};
		D3F4802C27F3A18B005908C2 /* filmKitabiUITests */ = {
			isa = PBXNativeTarget;
			buildConfigurationList = D3F4803D27F3A18B005908C2 /* Build configuration list for PBXNativeTarget "filmKitabiUITests" */;
			buildPhases = (
				D3F4802927F3A18B005908C2 /* Sources */,
				D3F4802A27F3A18B005908C2 /* Frameworks */,
				D3F4802B27F3A18B005908C2 /* Resources */,
			);
			buildRules = (
			);
			dependencies = (
				D3F4802F27F3A18B005908C2 /* PBXTargetDependency */,
			);
			name = filmKitabiUITests;
			productName = filmKitabiUITests;
			productReference = D3F4802D27F3A18B005908C2 /* filmKitabiUITests.xctest */;
			productType = "com.apple.product-type.bundle.ui-testing";
		};
/* End PBXNativeTarget section */

/* Begin PBXProject section */
		D3F4800B27F3A18A005908C2 /* Project object */ = {
			isa = PBXProject;
			attributes = {
				BuildIndependentTargetsInParallel = 1;
				LastSwiftUpdateCheck = 1310;
				LastUpgradeCheck = 1310;
				TargetAttributes = {
					D3F4801227F3A18A005908C2 = {
						CreatedOnToolsVersion = 13.1;
					};
					D3F4802227F3A18B005908C2 = {
						CreatedOnToolsVersion = 13.1;
						TestTargetID = D3F4801227F3A18A005908C2;
					};
					D3F4802C27F3A18B005908C2 = {
						CreatedOnToolsVersion = 13.1;
						TestTargetID = D3F4801227F3A18A005908C2;
					};
				};
			};
			buildConfigurationList = D3F4800E27F3A18A005908C2 /* Build configuration list for PBXProject "filmKitabi" */;
			compatibilityVersion = "Xcode 13.0";
			developmentRegion = en;
			hasScannedForEncodings = 0;
			knownRegions = (
				en,
				Base,
			);
			mainGroup = D3F4800A27F3A18A005908C2;
			productRefGroup = D3F4801427F3A18A005908C2 /* Products */;
			projectDirPath = "";
			projectRoot = "";
			targets = (
				D3F4801227F3A18A005908C2 /* filmKitabi */,
				D3F4802227F3A18B005908C2 /* filmKitabiTests */,
				D3F4802C27F3A18B005908C2 /* filmKitabiUITests */,
			);
		};
/* End PBXProject section */

/* Begin PBXResourcesBuildPhase section */
		D3F4801127F3A18A005908C2 /* Resources */ = {
			isa = PBXResourcesBuildPhase;
			buildActionMask = 2147483647;
			files = (
				D3F4801E27F3A18B005908C2 /* Preview Assets.xcassets in Resources */,
				D3F4801B27F3A18B005908C2 /* Assets.xcassets in Resources */,
			);
			runOnlyForDeploymentPostprocessing = 0;
		};
		D3F4802127F3A18B005908C2 /* Resources */ = {
			isa = PBXResourcesBuildPhase;
			buildActionMask = 2147483647;
			files = (
			);
			runOnlyForDeploymentPostprocessing = 0;
		};
		D3F4802B27F3A18B005908C2 /* Resources */ = {
			isa = PBXResourcesBuildPhase;
			buildActionMask = 2147483647;
			files = (
			);
			runOnlyForDeploymentPostprocessing = 0;
		};
/* End PBXResourcesBuildPhase section */

/* Begin PBXSourcesBuildPhase section */
		D3F4800F27F3A18A005908C2 /* Sources */ = {
			isa = PBXSourcesBuildPhase;
			buildActionMask = 2147483647;
			files = (
				D3EEA67027FA3F40002816D0 /* DetayView.swift in Sources */,
				D3F4801927F3A18A005908C2 /* FilmListeView.swift in Sources */,
				D3AC351F27F4958D00CE3D43 /* FilmDetay.swift in Sources */,
				D3AC351927F4823800CE3D43 /* imageDownloaderClient.swift in Sources */,
				D3AC351C27F4843000CE3D43 /* OzelImage.swift in Sources */,
				D3F4804527F3A597005908C2 /* Film.swift in Sources */,
				D3F4804A27F3AE8A005908C2 /* FilmViewModel.swift in Sources */,
				D3F4801727F3A18A005908C2 /* filmKitabiApp.swift in Sources */,
				D3EEA66E27FA3D78002816D0 /* FilmDetayViewModel.swift in Sources */,
				D3F4804827F3A838005908C2 /* DownloaderClient.swift in Sources */,
			);
			runOnlyForDeploymentPostprocessing = 0;
		};
		D3F4801F27F3A18B005908C2 /* Sources */ = {
			isa = PBXSourcesBuildPhase;
			buildActionMask = 2147483647;
			files = (
				D3F4802827F3A18B005908C2 /* filmKitabiTests.swift in Sources */,
			);
			runOnlyForDeploymentPostprocessing = 0;
		};
		D3F4802927F3A18B005908C2 /* Sources */ = {
			isa = PBXSourcesBuildPhase;
			buildActionMask = 2147483647;
			files = (
				D3F4803427F3A18B005908C2 /* filmKitabiUITestsLaunchTests.swift in Sources */,
				D3F4803227F3A18B005908C2 /* filmKitabiUITests.swift in Sources */,
			);
			runOnlyForDeploymentPostprocessing = 0;
		};
/* End PBXSourcesBuildPhase section */

/* Begin PBXTargetDependency section */
		D3F4802527F3A18B005908C2 /* PBXTargetDependency */ = {
			isa = PBXTargetDependency;
			target = D3F4801227F3A18A005908C2 /* filmKitabi */;
			targetProxy = D3F4802427F3A18B005908C2 /* PBXContainerItemProxy */;
		};
		D3F4802F27F3A18B005908C2 /* PBXTargetDependency */ = {
			isa = PBXTargetDependency;
			target = D3F4801227F3A18A005908C2 /* filmKitabi */;
			targetProxy = D3F4802E27F3A18B005908C2 /* PBXContainerItemProxy */;
		};
/* End PBXTargetDependency section */

/* Begin XCBuildConfiguration section */
		D3F4803527F3A18B005908C2 /* Debug */ = {
			isa = XCBuildConfiguration;
			buildSettings = {
				ALWAYS_SEARCH_USER_PATHS = NO;
				CLANG_ANALYZER_NONNULL = YES;
				CLANG_ANALYZER_NUMBER_OBJECT_CONVERSION = YES_AGGRESSIVE;
				CLANG_CXX_LANGUAGE_STANDARD = "gnu++17";
				CLANG_CXX_LIBRARY = "libc++";
				CLANG_ENABLE_MODULES = YES;
				CLANG_ENABLE_OBJC_ARC = YES;
				CLANG_ENABLE_OBJC_WEAK = YES;
				CLANG_WARN_BLOCK_CAPTURE_AUTORELEASING = YES;
				CLANG_WARN_BOOL_CONVERSION = YES;
				CLANG_WARN_COMMA = YES;
				CLANG_WARN_CONSTANT_CONVERSION = YES;
				CLANG_WARN_DEPRECATED_OBJC_IMPLEMENTATIONS = YES;
				CLANG_WARN_DIRECT_OBJC_ISA_USAGE = YES_ERROR;
				CLANG_WARN_DOCUMENTATION_COMMENTS = YES;
				CLANG_WARN_EMPTY_BODY = YES;
				CLANG_WARN_ENUM_CONVERSION = YES;
				CLANG_WARN_INFINITE_RECURSION = YES;
				CLANG_WARN_INT_CONVERSION = YES;
				CLANG_WARN_NON_LITERAL_NULL_CONVERSION = YES;
				CLANG_WARN_OBJC_IMPLICIT_RETAIN_SELF = YES;
				CLANG_WARN_OBJC_LITERAL_CONVERSION = YES;
				CLANG_WARN_OBJC_ROOT_CLASS = YES_ERROR;
				CLANG_WARN_QUOTED_INCLUDE_IN_FRAMEWORK_HEADER = YES;
				CLANG_WARN_RANGE_LOOP_ANALYSIS = YES;
				CLANG_WARN_STRICT_PROTOTYPES = YES;
				CLANG_WARN_SUSPICIOUS_MOVE = YES;
				CLANG_WARN_UNGUARDED_AVAILABILITY = YES_AGGRESSIVE;
				CLANG_WARN_UNREACHABLE_CODE = YES;
				CLANG_WARN__DUPLICATE_METHOD_MATCH = YES;
				COPY_PHASE_STRIP = NO;
				DEBUG_INFORMATION_FORMAT = dwarf;
				ENABLE_STRICT_OBJC_MSGSEND = YES;
				ENABLE_TESTABILITY = YES;
				GCC_C_LANGUAGE_STANDARD = gnu11;
				GCC_DYNAMIC_NO_PIC = NO;
				GCC_NO_COMMON_BLOCKS = YES;
				GCC_OPTIMIZATION_LEVEL = 0;
				GCC_PREPROCESSOR_DEFINITIONS = (
					"DEBUG=1",
					"$(inherited)",
				);
				GCC_WARN_64_TO_32_BIT_CONVERSION = YES;
				GCC_WARN_ABOUT_RETURN_TYPE = YES_ERROR;
				GCC_WARN_UNDECLARED_SELECTOR = YES;
				GCC_WARN_UNINITIALIZED_AUTOS = YES_AGGRESSIVE;
				GCC_WARN_UNUSED_FUNCTION = YES;
				GCC_WARN_UNUSED_VARIABLE = YES;
				IPHONEOS_DEPLOYMENT_TARGET = 15.0;
				MTL_ENABLE_DEBUG_INFO = INCLUDE_SOURCE;
				MTL_FAST_MATH = YES;
				ONLY_ACTIVE_ARCH = YES;
				SDKROOT = iphoneos;
				SWIFT_ACTIVE_COMPILATION_CONDITIONS = DEBUG;
				SWIFT_OPTIMIZATION_LEVEL = "-Onone";
			};
			name = Debug;
		};
		D3F4803627F3A18B005908C2 /* Release */ = {
			isa = XCBuildConfiguration;
			buildSettings = {
				ALWAYS_SEARCH_USER_PATHS = NO;
				CLANG_ANALYZER_NONNULL = YES;
				CLANG_ANALYZER_NUMBER_OBJECT_CONVERSION = YES_AGGRESSIVE;
				CLANG_CXX_LANGUAGE_STANDARD = "gnu++17";
				CLANG_CXX_LIBRARY = "libc++";
				CLANG_ENABLE_MODULES = YES;
				CLANG_ENABLE_OBJC_ARC = YES;
				CLANG_ENABLE_OBJC_WEAK = YES;
				CLANG_WARN_BLOCK_CAPTURE_AUTORELEASING = YES;
				CLANG_WARN_BOOL_CONVERSION = YES;
				CLANG_WARN_COMMA = YES;
				CLANG_WARN_CONSTANT_CONVERSION = YES;
				CLANG_WARN_DEPRECATED_OBJC_IMPLEMENTATIONS = YES;
				CLANG_WARN_DIRECT_OBJC_ISA_USAGE = YES_ERROR;
				CLANG_WARN_DOCUMENTATION_COMMENTS = YES;
				CLANG_WARN_EMPTY_BODY = YES;
				CLANG_WARN_ENUM_CONVERSION = YES;
				CLANG_WARN_INFINITE_RECURSION = YES;
				CLANG_WARN_INT_CONVERSION = YES;
				CLANG_WARN_NON_LITERAL_NULL_CONVERSION = YES;
				CLANG_WARN_OBJC_IMPLICIT_RETAIN_SELF = YES;
				CLANG_WARN_OBJC_LITERAL_CONVERSION = YES;
				CLANG_WARN_OBJC_ROOT_CLASS = YES_ERROR;
				CLANG_WARN_QUOTED_INCLUDE_IN_FRAMEWORK_HEADER = YES;
				CLANG_WARN_RANGE_LOOP_ANALYSIS = YES;
				CLANG_WARN_STRICT_PROTOTYPES = YES;
				CLANG_WARN_SUSPICIOUS_MOVE = YES;
				CLANG_WARN_UNGUARDED_AVAILABILITY = YES_AGGRESSIVE;
				CLANG_WARN_UNREACHABLE_CODE = YES;
				CLANG_WARN__DUPLICATE_METHOD_MATCH = YES;
				COPY_PHASE_STRIP = NO;
				DEBUG_INFORMATION_FORMAT = "dwarf-with-dsym";
				ENABLE_NS_ASSERTIONS = NO;
				ENABLE_STRICT_OBJC_MSGSEND = YES;
				GCC_C_LANGUAGE_STANDARD = gnu11;
				GCC_NO_COMMON_BLOCKS = YES;
				GCC_WARN_64_TO_32_BIT_CONVERSION = YES;
				GCC_WARN_ABOUT_RETURN_TYPE = YES_ERROR;
				GCC_WARN_UNDECLARED_SELECTOR = YES;
				GCC_WARN_UNINITIALIZED_AUTOS = YES_AGGRESSIVE;
				GCC_WARN_UNUSED_FUNCTION = YES;
				GCC_WARN_UNUSED_VARIABLE = YES;
				IPHONEOS_DEPLOYMENT_TARGET = 15.0;
				MTL_ENABLE_DEBUG_INFO = NO;
				MTL_FAST_MATH = YES;
				SDKROOT = iphoneos;
				SWIFT_COMPILATION_MODE = wholemodule;
				SWIFT_OPTIMIZATION_LEVEL = "-O";
				VALIDATE_PRODUCT = YES;
			};
			name = Release;
		};
		D3F4803827F3A18B005908C2 /* Debug */ = {
			isa = XCBuildConfiguration;
			buildSettings = {
				ASSETCATALOG_COMPILER_APPICON_NAME = AppIcon;
				ASSETCATALOG_COMPILER_GLOBAL_ACCENT_COLOR_NAME = AccentColor;
				CODE_SIGN_STYLE = Automatic;
				CURRENT_PROJECT_VERSION = 1;
				DEVELOPMENT_ASSET_PATHS = "\"filmKitabi/Preview Content\"";
				DEVELOPMENT_TEAM = 6AJAJP45JQ;
				ENABLE_PREVIEWS = YES;
				GENERATE_INFOPLIST_FILE = YES;
				INFOPLIST_FILE = filmKitabi/Info.plist;
				INFOPLIST_KEY_UIApplicationSceneManifest_Generation = YES;
				INFOPLIST_KEY_UIApplicationSupportsIndirectInputEvents = YES;
				INFOPLIST_KEY_UILaunchScreen_Generation = YES;
				INFOPLIST_KEY_UISupportedInterfaceOrientations_iPad = "UIInterfaceOrientationPortrait UIInterfaceOrientationPortraitUpsideDown UIInterfaceOrientationLandscapeLeft UIInterfaceOrientationLandscapeRight";
				INFOPLIST_KEY_UISupportedInterfaceOrientations_iPhone = "UIInterfaceOrientationPortrait UIInterfaceOrientationLandscapeLeft UIInterfaceOrientationLandscapeRight";
				LD_RUNPATH_SEARCH_PATHS = (
					"$(inherited)",
					"@executable_path/Frameworks",
				);
				MARKETING_VERSION = 1.0;
				PRODUCT_BUNDLE_IDENTIFIER = com.muhammetyikmis.filmKitabi;
				PRODUCT_NAME = "$(TARGET_NAME)";
				SWIFT_EMIT_LOC_STRINGS = YES;
				SWIFT_VERSION = 5.0;
				TARGETED_DEVICE_FAMILY = "1,2";
			};
			name = Debug;
		};
		D3F4803927F3A18B005908C2 /* Release */ = {
			isa = XCBuildConfiguration;
			buildSettings = {
				ASSETCATALOG_COMPILER_APPICON_NAME = AppIcon;
				ASSETCATALOG_COMPILER_GLOBAL_ACCENT_COLOR_NAME = AccentColor;
				CODE_SIGN_STYLE = Automatic;
				CURRENT_PROJECT_VERSION = 1;
				DEVELOPMENT_ASSET_PATHS = "\"filmKitabi/Preview Content\"";
				DEVELOPMENT_TEAM = 6AJAJP45JQ;
				ENABLE_PREVIEWS = YES;
				GENERATE_INFOPLIST_FILE = YES;
				INFOPLIST_FILE = filmKitabi/Info.plist;
				INFOPLIST_KEY_UIApplicationSceneManifest_Generation = YES;
				INFOPLIST_KEY_UIApplicationSupportsIndirectInputEvents = YES;
				INFOPLIST_KEY_UILaunchScreen_Generation = YES;
				INFOPLIST_KEY_UISupportedInterfaceOrientations_iPad = "UIInterfaceOrientationPortrait UIInterfaceOrientationPortraitUpsideDown UIInterfaceOrientationLandscapeLeft UIInterfaceOrientationLandscapeRight";
				INFOPLIST_KEY_UISupportedInterfaceOrientations_iPhone = "UIInterfaceOrientationPortrait UIInterfaceOrientationLandscapeLeft UIInterfaceOrientationLandscapeRight";
				LD_RUNPATH_SEARCH_PATHS = (
					"$(inherited)",
					"@executable_path/Frameworks",
				);
				MARKETING_VERSION = 1.0;
				PRODUCT_BUNDLE_IDENTIFIER = com.muhammetyikmis.filmKitabi;
				PRODUCT_NAME = "$(TARGET_NAME)";
				SWIFT_EMIT_LOC_STRINGS = YES;
				SWIFT_VERSION = 5.0;
				TARGETED_DEVICE_FAMILY = "1,2";
			};
			name = Release;
		};
		D3F4803B27F3A18B005908C2 /* Debug */ = {
			isa = XCBuildConfiguration;
			buildSettings = {
				ALWAYS_EMBED_SWIFT_STANDARD_LIBRARIES = YES;
				BUNDLE_LOADER = "$(TEST_HOST)";
				CODE_SIGN_STYLE = Automatic;
				CURRENT_PROJECT_VERSION = 1;
				DEVELOPMENT_TEAM = 6AJAJP45JQ;
				GENERATE_INFOPLIST_FILE = YES;
				IPHONEOS_DEPLOYMENT_TARGET = 15.0;
				LD_RUNPATH_SEARCH_PATHS = (
					"$(inherited)",
					"@executable_path/Frameworks",
					"@loader_path/Frameworks",
				);
				MARKETING_VERSION = 1.0;
				PRODUCT_BUNDLE_IDENTIFIER = com.muhammetyikmis.filmKitabiTests;
				PRODUCT_NAME = "$(TARGET_NAME)";
				SWIFT_EMIT_LOC_STRINGS = NO;
				SWIFT_VERSION = 5.0;
				TARGETED_DEVICE_FAMILY = "1,2";
				TEST_HOST = "$(BUILT_PRODUCTS_DIR)/filmKitabi.app/filmKitabi";
			};
			name = Debug;
		};
		D3F4803C27F3A18B005908C2 /* Release */ = {
			isa = XCBuildConfiguration;
			buildSettings = {
				ALWAYS_EMBED_SWIFT_STANDARD_LIBRARIES = YES;
				BUNDLE_LOADER = "$(TEST_HOST)";
				CODE_SIGN_STYLE = Automatic;
				CURRENT_PROJECT_VERSION = 1;
				DEVELOPMENT_TEAM = 6AJAJP45JQ;
				GENERATE_INFOPLIST_FILE = YES;
				IPHONEOS_DEPLOYMENT_TARGET = 15.0;
				LD_RUNPATH_SEARCH_PATHS = (
					"$(inherited)",
					"@executable_path/Frameworks",
					"@loader_path/Frameworks",
				);
				MARKETING_VERSION = 1.0;
				PRODUCT_BUNDLE_IDENTIFIER = com.muhammetyikmis.filmKitabiTests;
				PRODUCT_NAME = "$(TARGET_NAME)";
				SWIFT_EMIT_LOC_STRINGS = NO;
				SWIFT_VERSION = 5.0;
				TARGETED_DEVICE_FAMILY = "1,2";
				TEST_HOST = "$(BUILT_PRODUCTS_DIR)/filmKitabi.app/filmKitabi";
			};
			name = Release;
		};
		D3F4803E27F3A18B005908C2 /* Debug */ = {
			isa = XCBuildConfiguration;
			buildSettings = {
				ALWAYS_EMBED_SWIFT_STANDARD_LIBRARIES = YES;
				CODE_SIGN_STYLE = Automatic;
				CURRENT_PROJECT_VERSION = 1;
				DEVELOPMENT_TEAM = 6AJAJP45JQ;
				GENERATE_INFOPLIST_FILE = YES;
				LD_RUNPATH_SEARCH_PATHS = (
					"$(inherited)",
					"@executable_path/Frameworks",
					"@loader_path/Frameworks",
				);
				MARKETING_VERSION = 1.0;
				PRODUCT_BUNDLE_IDENTIFIER = com.muhammetyikmis.filmKitabiUITests;
				PRODUCT_NAME = "$(TARGET_NAME)";
				SWIFT_EMIT_LOC_STRINGS = NO;
				SWIFT_VERSION = 5.0;
				TARGETED_DEVICE_FAMILY = "1,2";
				TEST_TARGET_NAME = filmKitabi;
			};
			name = Debug;
		};
		D3F4803F27F3A18B005908C2 /* Release */ = {
			isa = XCBuildConfiguration;
			buildSettings = {
				ALWAYS_EMBED_SWIFT_STANDARD_LIBRARIES = YES;
				CODE_SIGN_STYLE = Automatic;
				CURRENT_PROJECT_VERSION = 1;
				DEVELOPMENT_TEAM = 6AJAJP45JQ;
				GENERATE_INFOPLIST_FILE = YES;
				LD_RUNPATH_SEARCH_PATHS = (
					"$(inherited)",
					"@executable_path/Frameworks",
					"@loader_path/Frameworks",
				);
				MARKETING_VERSION = 1.0;
				PRODUCT_BUNDLE_IDENTIFIER = com.muhammetyikmis.filmKitabiUITests;
				PRODUCT_NAME = "$(TARGET_NAME)";
				SWIFT_EMIT_LOC_STRINGS = NO;
				SWIFT_VERSION = 5.0;
				TARGETED_DEVICE_FAMILY = "1,2";
				TEST_TARGET_NAME = filmKitabi;
			};
			name = Release;
		};
/* End XCBuildConfiguration section */

/* Begin XCConfigurationList section */
		D3F4800E27F3A18A005908C2 /* Build configuration list for PBXProject "filmKitabi" */ = {
			isa = XCConfigurationList;
			buildConfigurations = (
				D3F4803527F3A18B005908C2 /* Debug */,
				D3F4803627F3A18B005908C2 /* Release */,
			);
			defaultConfigurationIsVisible = 0;
			defaultConfigurationName = Release;
		};
		D3F4803727F3A18B005908C2 /* Build configuration list for PBXNativeTarget "filmKitabi" */ = {
			isa = XCConfigurationList;
			buildConfigurations = (
				D3F4803827F3A18B005908C2 /* Debug */,
				D3F4803927F3A18B005908C2 /* Release */,
			);
			defaultConfigurationIsVisible = 0;
			defaultConfigurationName = Release;
		};
		D3F4803A27F3A18B005908C2 /* Build configuration list for PBXNativeTarget "filmKitabiTests" */ = {
			isa = XCConfigurationList;
			buildConfigurations = (
				D3F4803B27F3A18B005908C2 /* Debug */,
				D3F4803C27F3A18B005908C2 /* Release */,
			);
			defaultConfigurationIsVisible = 0;
			defaultConfigurationName = Release;
		};
		D3F4803D27F3A18B005908C2 /* Build configuration list for PBXNativeTarget "filmKitabiUITests" */ = {
			isa = XCConfigurationList;
			buildConfigurations = (
				D3F4803E27F3A18B005908C2 /* Debug */,
				D3F4803F27F3A18B005908C2 /* Release */,
			);
			defaultConfigurationIsVisible = 0;
			defaultConfigurationName = Release;
		};
/* End XCConfigurationList section */
	};
	rootObject = D3F4800B27F3A18A005908C2 /* Project object */;
}
